
Microsoft Visual Studio Solution File, Format Version 12.00
# Visual Studio 14
VisualStudioVersion = 14.0.23107.0
MinimumVisualStudioVersion = 10.0.40219.1
Project("{FAE04EC0-301F-11D3-BF4B-00C04F79EFBC}") = "SISPE MIGRACION", "SISPE MIGRACION\SISPE MIGRACION.csproj", "{C82172EE-01DE-4FFE-9B5E-94C8ADF5C232}"
EndProject
Project("{54435603-DBB4-11D2-8724-00A0C9A8B90C}") = "instalador", "instalador\instalador.vdproj", "{83ACF4CB-FBEF-4958-AE88-9229D2E979ED}"
EndProject
Global
	GlobalSection(SolutionConfigurationPlatforms) = preSolution
		Debug|Any CPU = Debug|Any CPU
		Release|Any CPU = Release|Any CPU
	EndGlobalSection
	GlobalSection(ProjectConfigurationPlatforms) = postSolution
		{C82172EE-01DE-4FFE-9B5E-94C8ADF5C232}.Debug|Any CPU.ActiveCfg = Debug|Any CPU
		{C82172EE-01DE-4FFE-9B5E-94C8ADF5C232}.Debug|Any CPU.Build.0 = Debug|Any CPU
		{C82172EE-01DE-4FFE-9B5E-94C8ADF5C232}.Release|Any CPU.ActiveCfg = Release|Any CPU
		{C82172EE-01DE-4FFE-9B5E-94C8ADF5C232}.Release|Any CPU.Build.0 = Release|Any CPU
		{83ACF4CB-FBEF-4958-AE88-9229D2E979ED}.Debug|Any CPU.ActiveCfg = Debug
		{83ACF4CB-FBEF-4958-AE88-9229D2E979ED}.Release|Any CPU.ActiveCfg = Release
	EndGlobalSection
	GlobalSection(SolutionProperties) = preSolution
		HideSolutionNode = FALSE
	EndGlobalSection
EndGlobal
